
Microsoft Visual Studio Solution File, Format Version 12.00
# Visual Studio Version 17
VisualStudioVersion = 17.8.34525.116
MinimumVisualStudioVersion = 10.0.40219.1
Project("{FAE04EC0-301F-11D3-BF4B-00C04F79EFBC}") = "Lab 1", "Lab 1\Lab 1.csproj", "{365D0CC3-E486-47CC-909C-BE39B6B11740}"
EndProject
Global
	GlobalSection(SolutionConfigurationPlatforms) = preSolution
		Debug|Any CPU = Debug|Any CPU
		Release|Any CPU = Release|Any CPU
	EndGlobalSection
	GlobalSection(ProjectConfigurationPlatforms) = postSolution
		{365D0CC3-E486-47CC-909C-BE39B6B11740}.Debug|Any CPU.ActiveCfg = Debug|Any CPU
		{365D0CC3-E486-47CC-909C-BE39B6B11740}.Debug|Any CPU.Build.0 = Debug|Any CPU
		{365D0CC3-E486-47CC-909C-BE39B6B11740}.Release|Any CPU.ActiveCfg = Release|Any CPU
		{365D0CC3-E486-47CC-909C-BE39B6B11740}.Release|Any CPU.Build.0 = Release|Any CPU
	EndGlobalSection
	GlobalSection(SolutionProperties) = preSolution
		HideSolutionNode = FALSE
	EndGlobalSection
	GlobalSection(ExtensibilityGlobals) = postSolution
		SolutionGuid = {AB019928-ABF5-45F4-82FA-4FC6021FC0E6}
	EndGlobalSection
EndGlobal
